// !$*UTF8*$!
{
	archiveVersion = 1;
	classes = {
	};
	objectVersion = 56;
	objects = {

/* Begin PBXBuildFile section */
		934A3FEC2AA1D0B700908D4D /* WhyFineApp.swift in Sources */ = {isa = PBXBuildFile; fileRef = 934A3FEB2AA1D0B700908D4D /* WhyFineApp.swift */; };
		934A3FEE2AA1D0B700908D4D /* ContentView.swift in Sources */ = {isa = PBXBuildFile; fileRef = 934A3FED2AA1D0B700908D4D /* ContentView.swift */; };
		934A3FF02AA1D0B700908D4D /* Assets.xcassets in Resources */ = {isa = PBXBuildFile; fileRef = 934A3FEF2AA1D0B700908D4D /* Assets.xcassets */; };
		934A3FF42AA1D0B700908D4D /* Preview Assets.xcassets in Resources */ = {isa = PBXBuildFile; fileRef = 934A3FF32AA1D0B700908D4D /* Preview Assets.xcassets */; };
		D9F9A3232AA1F2BD00466A5B /* QuestionModel.xcdatamodeld in Sources */ = {isa = PBXBuildFile; fileRef = D9F9A3212AA1F2BD00466A5B /* QuestionModel.xcdatamodeld */; };
		D9F9A3252AA1F43B00466A5B /* QuestionDataController.swift in Sources */ = {isa = PBXBuildFile; fileRef = D9F9A3242AA1F43B00466A5B /* QuestionDataController.swift */; };
		DE3C420D2AA1D5B500DDD189 /* QuestionView.swift in Sources */ = {isa = PBXBuildFile; fileRef = DE3C420C2AA1D5B500DDD189 /* QuestionView.swift */; };
		DE3C420F2AA1D5BF00DDD189 /* StorageView.swift in Sources */ = {isa = PBXBuildFile; fileRef = DE3C420E2AA1D5BF00DDD189 /* StorageView.swift */; };
		DE3C42112AA1D5CC00DDD189 /* AnalyzeView.swift in Sources */ = {isa = PBXBuildFile; fileRef = DE3C42102AA1D5CC00DDD189 /* AnalyzeView.swift */; };
		DE3C42162AA1F8E100DDD189 /* MainView.swift in Sources */ = {isa = PBXBuildFile; fileRef = DE3C42152AA1F8E100DDD189 /* MainView.swift */; };
/* End PBXBuildFile section */

/* Begin PBXFileReference section */
		934A3FE82AA1D0B700908D4D /* WhyFine.app */ = {isa = PBXFileReference; explicitFileType = wrapper.application; includeInIndex = 0; path = WhyFine.app; sourceTree = BUILT_PRODUCTS_DIR; };
		934A3FEB2AA1D0B700908D4D /* WhyFineApp.swift */ = {isa = PBXFileReference; lastKnownFileType = sourcecode.swift; path = WhyFineApp.swift; sourceTree = "<group>"; };
		934A3FED2AA1D0B700908D4D /* ContentView.swift */ = {isa = PBXFileReference; lastKnownFileType = sourcecode.swift; path = ContentView.swift; sourceTree = "<group>"; };
		934A3FEF2AA1D0B700908D4D /* Assets.xcassets */ = {isa = PBXFileReference; lastKnownFileType = folder.assetcatalog; path = Assets.xcassets; sourceTree = "<group>"; };
		934A3FF12AA1D0B700908D4D /* WhyFine.entitlements */ = {isa = PBXFileReference; lastKnownFileType = text.plist.entitlements; path = WhyFine.entitlements; sourceTree = "<group>"; };
		934A3FF32AA1D0B700908D4D /* Preview Assets.xcassets */ = {isa = PBXFileReference; lastKnownFileType = folder.assetcatalog; path = "Preview Assets.xcassets"; sourceTree = "<group>"; };
		D9F9A3222AA1F2BD00466A5B /* QuestionModel.xcdatamodel */ = {isa = PBXFileReference; lastKnownFileType = wrapper.xcdatamodel; path = QuestionModel.xcdatamodel; sourceTree = "<group>"; };
		D9F9A3242AA1F43B00466A5B /* QuestionDataController.swift */ = {isa = PBXFileReference; lastKnownFileType = sourcecode.swift; path = QuestionDataController.swift; sourceTree = "<group>"; };
		DE3C420C2AA1D5B500DDD189 /* QuestionView.swift */ = {isa = PBXFileReference; lastKnownFileType = sourcecode.swift; path = QuestionView.swift; sourceTree = "<group>"; };
		DE3C420E2AA1D5BF00DDD189 /* StorageView.swift */ = {isa = PBXFileReference; lastKnownFileType = sourcecode.swift; path = StorageView.swift; sourceTree = "<group>"; };
		DE3C42102AA1D5CC00DDD189 /* AnalyzeView.swift */ = {isa = PBXFileReference; lastKnownFileType = sourcecode.swift; path = AnalyzeView.swift; sourceTree = "<group>"; };
		DE3C42152AA1F8E100DDD189 /* MainView.swift */ = {isa = PBXFileReference; lastKnownFileType = sourcecode.swift; path = MainView.swift; sourceTree = "<group>"; };
/* End PBXFileReference section */

/* Begin PBXFrameworksBuildPhase section */
		934A3FE52AA1D0B700908D4D /* Frameworks */ = {
			isa = PBXFrameworksBuildPhase;
			buildActionMask = 2147483647;
			files = (
			);
			runOnlyForDeploymentPostprocessing = 0;
		};
/* End PBXFrameworksBuildPhase section */

/* Begin PBXGroup section */
		934A3FDF2AA1D0B700908D4D = {
			isa = PBXGroup;
			children = (
				934A3FEA2AA1D0B700908D4D /* WhyFine */,
				934A3FE92AA1D0B700908D4D /* Products */,
			);
			sourceTree = "<group>";
		};
		934A3FE92AA1D0B700908D4D /* Products */ = {
			isa = PBXGroup;
			children = (
				934A3FE82AA1D0B700908D4D /* WhyFine.app */,
			);
			name = Products;
			sourceTree = "<group>";
		};
		934A3FEA2AA1D0B700908D4D /* WhyFine */ = {
			isa = PBXGroup;
			children = (
				D9AEA3142AA215AE00C8AE45 /* Controller */,
				934A3FFB2AA1D13D00908D4D /* Models */,
				934A3FFA2AA1D13700908D4D /* Views */,
				934A3FED2AA1D0B700908D4D /* ContentView.swift */,
				934A3FEB2AA1D0B700908D4D /* WhyFineApp.swift */,
				934A3FEF2AA1D0B700908D4D /* Assets.xcassets */,
				934A3FF12AA1D0B700908D4D /* WhyFine.entitlements */,
				934A3FF22AA1D0B700908D4D /* Preview Content */,
			);
			path = WhyFine;
			sourceTree = "<group>";
		};
		934A3FF22AA1D0B700908D4D /* Preview Content */ = {
			isa = PBXGroup;
			children = (
				934A3FF32AA1D0B700908D4D /* Preview Assets.xcassets */,
			);
			path = "Preview Content";
			sourceTree = "<group>";
		};
		934A3FFA2AA1D13700908D4D /* Views */ = {
			isa = PBXGroup;
			children = (
				DE3C42172AA1F8E900DDD189 /* Main */,
			);
			path = Views;
			sourceTree = "<group>";
		};
		934A3FFB2AA1D13D00908D4D /* Models */ = {
			isa = PBXGroup;
			children = (
				D9F9A3212AA1F2BD00466A5B /* QuestionModel.xcdatamodeld */,
			);
			path = Models;
			sourceTree = "<group>";
		};
		D9AEA3142AA215AE00C8AE45 /* Controller */ = {
			isa = PBXGroup;
			children = (
				D9F9A3242AA1F43B00466A5B /* QuestionDataController.swift */,
			);
			path = Controller;
			sourceTree = "<group>";
		};
		DE3C42172AA1F8E900DDD189 /* Main */ = {
			isa = PBXGroup;
			children = (
				DE3C42152AA1F8E100DDD189 /* MainView.swift */,
				DE3C420C2AA1D5B500DDD189 /* QuestionView.swift */,
				DE3C420E2AA1D5BF00DDD189 /* StorageView.swift */,
				DE3C42102AA1D5CC00DDD189 /* AnalyzeView.swift */,
			);
			path = Main;
			sourceTree = "<group>";
		};
/* End PBXGroup section */

/* Begin PBXNativeTarget section */
		934A3FE72AA1D0B700908D4D /* WhyFine */ = {
			isa = PBXNativeTarget;
			buildConfigurationList = 934A3FF72AA1D0B700908D4D /* Build configuration list for PBXNativeTarget "WhyFine" */;
			buildPhases = (
				934A3FE42AA1D0B700908D4D /* Sources */,
				934A3FE52AA1D0B700908D4D /* Frameworks */,
				934A3FE62AA1D0B700908D4D /* Resources */,
			);
			buildRules = (
			);
			dependencies = (
			);
			name = WhyFine;
			productName = WhyFine;
			productReference = 934A3FE82AA1D0B700908D4D /* WhyFine.app */;
			productType = "com.apple.product-type.application";
		};
/* End PBXNativeTarget section */

/* Begin PBXProject section */
		934A3FE02AA1D0B700908D4D /* Project object */ = {
			isa = PBXProject;
			attributes = {
				BuildIndependentTargetsInParallel = 1;
				LastSwiftUpdateCheck = 1430;
				LastUpgradeCheck = 1430;
				TargetAttributes = {
					934A3FE72AA1D0B700908D4D = {
						CreatedOnToolsVersion = 14.3.1;
					};
				};
			};
			buildConfigurationList = 934A3FE32AA1D0B700908D4D /* Build configuration list for PBXProject "WhyFine" */;
			compatibilityVersion = "Xcode 14.0";
			developmentRegion = en;
			hasScannedForEncodings = 0;
			knownRegions = (
				en,
				Base,
			);
			mainGroup = 934A3FDF2AA1D0B700908D4D;
			productRefGroup = 934A3FE92AA1D0B700908D4D /* Products */;
			projectDirPath = "";
			projectRoot = "";
			targets = (
				934A3FE72AA1D0B700908D4D /* WhyFine */,
			);
		};
/* End PBXProject section */

/* Begin PBXResourcesBuildPhase section */
		934A3FE62AA1D0B700908D4D /* Resources */ = {
			isa = PBXResourcesBuildPhase;
			buildActionMask = 2147483647;
			files = (
				934A3FF42AA1D0B700908D4D /* Preview Assets.xcassets in Resources */,
				934A3FF02AA1D0B700908D4D /* Assets.xcassets in Resources */,
			);
			runOnlyForDeploymentPostprocessing = 0;
		};
/* End PBXResourcesBuildPhase section */

/* Begin PBXSourcesBuildPhase section */
		934A3FE42AA1D0B700908D4D /* Sources */ = {
			isa = PBXSourcesBuildPhase;
			buildActionMask = 2147483647;
			files = (
				DE3C420F2AA1D5BF00DDD189 /* StorageView.swift in Sources */,
				DE3C42162AA1F8E100DDD189 /* MainView.swift in Sources */,
				934A3FEE2AA1D0B700908D4D /* ContentView.swift in Sources */,
				D9F9A3252AA1F43B00466A5B /* QuestionDataController.swift in Sources */,
				DE3C42112AA1D5CC00DDD189 /* AnalyzeView.swift in Sources */,
				DE3C420D2AA1D5B500DDD189 /* QuestionView.swift in Sources */,
				934A3FEC2AA1D0B700908D4D /* WhyFineApp.swift in Sources */,
				D9F9A3232AA1F2BD00466A5B /* QuestionModel.xcdatamodeld in Sources */,
			);
			runOnlyForDeploymentPostprocessing = 0;
		};
/* End PBXSourcesBuildPhase section */

/* Begin XCBuildConfiguration section */
		934A3FF52AA1D0B700908D4D /* Debug */ = {
			isa = XCBuildConfiguration;
			buildSettings = {
				ALWAYS_SEARCH_USER_PATHS = NO;
				CLANG_ANALYZER_NONNULL = YES;
				CLANG_ANALYZER_NUMBER_OBJECT_CONVERSION = YES_AGGRESSIVE;
				CLANG_CXX_LANGUAGE_STANDARD = "gnu++20";
				CLANG_ENABLE_MODULES = YES;
				CLANG_ENABLE_OBJC_ARC = YES;
				CLANG_ENABLE_OBJC_WEAK = YES;
				CLANG_WARN_BLOCK_CAPTURE_AUTORELEASING = YES;
				CLANG_WARN_BOOL_CONVERSION = YES;
				CLANG_WARN_COMMA = YES;
				CLANG_WARN_CONSTANT_CONVERSION = YES;
				CLANG_WARN_DEPRECATED_OBJC_IMPLEMENTATIONS = YES;
				CLANG_WARN_DIRECT_OBJC_ISA_USAGE = YES_ERROR;
				CLANG_WARN_DOCUMENTATION_COMMENTS = YES;
				CLANG_WARN_EMPTY_BODY = YES;
				CLANG_WARN_ENUM_CONVERSION = YES;
				CLANG_WARN_INFINITE_RECURSION = YES;
				CLANG_WARN_INT_CONVERSION = YES;
				CLANG_WARN_NON_LITERAL_NULL_CONVERSION = YES;
				CLANG_WARN_OBJC_IMPLICIT_RETAIN_SELF = YES;
				CLANG_WARN_OBJC_LITERAL_CONVERSION = YES;
				CLANG_WARN_OBJC_ROOT_CLASS = YES_ERROR;
				CLANG_WARN_QUOTED_INCLUDE_IN_FRAMEWORK_HEADER = YES;
				CLANG_WARN_RANGE_LOOP_ANALYSIS = YES;
				CLANG_WARN_STRICT_PROTOTYPES = YES;
				CLANG_WARN_SUSPICIOUS_MOVE = YES;
				CLANG_WARN_UNGUARDED_AVAILABILITY = YES_AGGRESSIVE;
				CLANG_WARN_UNREACHABLE_CODE = YES;
				CLANG_WARN__DUPLICATE_METHOD_MATCH = YES;
				COPY_PHASE_STRIP = NO;
				DEBUG_INFORMATION_FORMAT = dwarf;
				ENABLE_STRICT_OBJC_MSGSEND = YES;
				ENABLE_TESTABILITY = YES;
				GCC_C_LANGUAGE_STANDARD = gnu11;
				GCC_DYNAMIC_NO_PIC = NO;
				GCC_NO_COMMON_BLOCKS = YES;
				GCC_OPTIMIZATION_LEVEL = 0;
				GCC_PREPROCESSOR_DEFINITIONS = (
					"DEBUG=1",
					"$(inherited)",
				);
				GCC_WARN_64_TO_32_BIT_CONVERSION = YES;
				GCC_WARN_ABOUT_RETURN_TYPE = YES_ERROR;
				GCC_WARN_UNDECLARED_SELECTOR = YES;
				GCC_WARN_UNINITIALIZED_AUTOS = YES_AGGRESSIVE;
				GCC_WARN_UNUSED_FUNCTION = YES;
				GCC_WARN_UNUSED_VARIABLE = YES;
				MTL_ENABLE_DEBUG_INFO = INCLUDE_SOURCE;
				MTL_FAST_MATH = YES;
				ONLY_ACTIVE_ARCH = YES;
				SWIFT_ACTIVE_COMPILATION_CONDITIONS = DEBUG;
				SWIFT_OPTIMIZATION_LEVEL = "-Onone";
			};
			name = Debug;
		};
		934A3FF62AA1D0B700908D4D /* Release */ = {
			isa = XCBuildConfiguration;
			buildSettings = {
				ALWAYS_SEARCH_USER_PATHS = NO;
				CLANG_ANALYZER_NONNULL = YES;
				CLANG_ANALYZER_NUMBER_OBJECT_CONVERSION = YES_AGGRESSIVE;
				CLANG_CXX_LANGUAGE_STANDARD = "gnu++20";
				CLANG_ENABLE_MODULES = YES;
				CLANG_ENABLE_OBJC_ARC = YES;
				CLANG_ENABLE_OBJC_WEAK = YES;
				CLANG_WARN_BLOCK_CAPTURE_AUTORELEASING = YES;
				CLANG_WARN_BOOL_CONVERSION = YES;
				CLANG_WARN_COMMA = YES;
				CLANG_WARN_CONSTANT_CONVERSION = YES;
				CLANG_WARN_DEPRECATED_OBJC_IMPLEMENTATIONS = YES;
				CLANG_WARN_DIRECT_OBJC_ISA_USAGE = YES_ERROR;
				CLANG_WARN_DOCUMENTATION_COMMENTS = YES;
				CLANG_WARN_EMPTY_BODY = YES;
				CLANG_WARN_ENUM_CONVERSION = YES;
				CLANG_WARN_INFINITE_RECURSION = YES;
				CLANG_WARN_INT_CONVERSION = YES;
				CLANG_WARN_NON_LITERAL_NULL_CONVERSION = YES;
				CLANG_WARN_OBJC_IMPLICIT_RETAIN_SELF = YES;
				CLANG_WARN_OBJC_LITERAL_CONVERSION = YES;
				CLANG_WARN_OBJC_ROOT_CLASS = YES_ERROR;
				CLANG_WARN_QUOTED_INCLUDE_IN_FRAMEWORK_HEADER = YES;
				CLANG_WARN_RANGE_LOOP_ANALYSIS = YES;
				CLANG_WARN_STRICT_PROTOTYPES = YES;
				CLANG_WARN_SUSPICIOUS_MOVE = YES;
				CLANG_WARN_UNGUARDED_AVAILABILITY = YES_AGGRESSIVE;
				CLANG_WARN_UNREACHABLE_CODE = YES;
				CLANG_WARN__DUPLICATE_METHOD_MATCH = YES;
				COPY_PHASE_STRIP = NO;
				DEBUG_INFORMATION_FORMAT = "dwarf-with-dsym";
				ENABLE_NS_ASSERTIONS = NO;
				ENABLE_STRICT_OBJC_MSGSEND = YES;
				GCC_C_LANGUAGE_STANDARD = gnu11;
				GCC_NO_COMMON_BLOCKS = YES;
				GCC_WARN_64_TO_32_BIT_CONVERSION = YES;
				GCC_WARN_ABOUT_RETURN_TYPE = YES_ERROR;
				GCC_WARN_UNDECLARED_SELECTOR = YES;
				GCC_WARN_UNINITIALIZED_AUTOS = YES_AGGRESSIVE;
				GCC_WARN_UNUSED_FUNCTION = YES;
				GCC_WARN_UNUSED_VARIABLE = YES;
				MTL_ENABLE_DEBUG_INFO = NO;
				MTL_FAST_MATH = YES;
				SWIFT_COMPILATION_MODE = wholemodule;
				SWIFT_OPTIMIZATION_LEVEL = "-O";
			};
			name = Release;
		};
		934A3FF82AA1D0B700908D4D /* Debug */ = {
			isa = XCBuildConfiguration;
			buildSettings = {
				ASSETCATALOG_COMPILER_APPICON_NAME = AppIcon;
				ASSETCATALOG_COMPILER_GLOBAL_ACCENT_COLOR_NAME = AccentColor;
				CODE_SIGN_ENTITLEMENTS = WhyFine/WhyFine.entitlements;
				CODE_SIGN_STYLE = Automatic;
				CURRENT_PROJECT_VERSION = 1;
				DEVELOPMENT_ASSET_PATHS = "\"WhyFine/Preview Content\"";
				DEVELOPMENT_TEAM = 834B9VMHHG;
				ENABLE_HARDENED_RUNTIME = YES;
				ENABLE_PREVIEWS = YES;
				GENERATE_INFOPLIST_FILE = YES;
				"INFOPLIST_KEY_UIApplicationSceneManifest_Generation[sdk=iphoneos*]" = YES;
				"INFOPLIST_KEY_UIApplicationSceneManifest_Generation[sdk=iphonesimulator*]" = YES;
				"INFOPLIST_KEY_UIApplicationSupportsIndirectInputEvents[sdk=iphoneos*]" = YES;
				"INFOPLIST_KEY_UIApplicationSupportsIndirectInputEvents[sdk=iphonesimulator*]" = YES;
				"INFOPLIST_KEY_UILaunchScreen_Generation[sdk=iphoneos*]" = YES;
				"INFOPLIST_KEY_UILaunchScreen_Generation[sdk=iphonesimulator*]" = YES;
				"INFOPLIST_KEY_UIStatusBarStyle[sdk=iphoneos*]" = UIStatusBarStyleDefault;
				"INFOPLIST_KEY_UIStatusBarStyle[sdk=iphonesimulator*]" = UIStatusBarStyleDefault;
				INFOPLIST_KEY_UISupportedInterfaceOrientations_iPad = "UIInterfaceOrientationPortrait UIInterfaceOrientationPortraitUpsideDown UIInterfaceOrientationLandscapeLeft UIInterfaceOrientationLandscapeRight";
				INFOPLIST_KEY_UISupportedInterfaceOrientations_iPhone = "UIInterfaceOrientationPortrait UIInterfaceOrientationLandscapeLeft UIInterfaceOrientationLandscapeRight";
				IPHONEOS_DEPLOYMENT_TARGET = 16.4;
				LD_RUNPATH_SEARCH_PATHS = "@executable_path/Frameworks";
				"LD_RUNPATH_SEARCH_PATHS[sdk=macosx*]" = "@executable_path/../Frameworks";
				MACOSX_DEPLOYMENT_TARGET = 13.3;
				MARKETING_VERSION = 1.0;
				PRODUCT_BUNDLE_IDENTIFIER = chacha.WhyFine;
				PRODUCT_NAME = "$(TARGET_NAME)";
				SDKROOT = auto;
				SUPPORTED_PLATFORMS = "iphoneos iphonesimulator macosx";
				SWIFT_EMIT_LOC_STRINGS = YES;
				SWIFT_VERSION = 5.0;
				TARGETED_DEVICE_FAMILY = "1,2";
			};
			name = Debug;
		};
		934A3FF92AA1D0B700908D4D /* Release */ = {
			isa = XCBuildConfiguration;
			buildSettings = {
				ASSETCATALOG_COMPILER_APPICON_NAME = AppIcon;
				ASSETCATALOG_COMPILER_GLOBAL_ACCENT_COLOR_NAME = AccentColor;
				CODE_SIGN_ENTITLEMENTS = WhyFine/WhyFine.entitlements;
				CODE_SIGN_STYLE = Automatic;
				CURRENT_PROJECT_VERSION = 1;
				DEVELOPMENT_ASSET_PATHS = "\"WhyFine/Preview Content\"";
				DEVELOPMENT_TEAM = 834B9VMHHG;
				ENABLE_HARDENED_RUNTIME = YES;
				ENABLE_PREVIEWS = YES;
				GENERATE_INFOPLIST_FILE = YES;
				"INFOPLIST_KEY_UIApplicationSceneManifest_Generation[sdk=iphoneos*]" = YES;
				"INFOPLIST_KEY_UIApplicationSceneManifest_Generation[sdk=iphonesimulator*]" = YES;
				"INFOPLIST_KEY_UIApplicationSupportsIndirectInputEvents[sdk=iphoneos*]" = YES;
				"INFOPLIST_KEY_UIApplicationSupportsIndirectInputEvents[sdk=iphonesimulator*]" = YES;
				"INFOPLIST_KEY_UILaunchScreen_Generation[sdk=iphoneos*]" = YES;
				"INFOPLIST_KEY_UILaunchScreen_Generation[sdk=iphonesimulator*]" = YES;
				"INFOPLIST_KEY_UIStatusBarStyle[sdk=iphoneos*]" = UIStatusBarStyleDefault;
				"INFOPLIST_KEY_UIStatusBarStyle[sdk=iphonesimulator*]" = UIStatusBarStyleDefault;
				INFOPLIST_KEY_UISupportedInterfaceOrientations_iPad = "UIInterfaceOrientationPortrait UIInterfaceOrientationPortraitUpsideDown UIInterfaceOrientationLandscapeLeft UIInterfaceOrientationLandscapeRight";
				INFOPLIST_KEY_UISupportedInterfaceOrientations_iPhone = "UIInterfaceOrientationPortrait UIInterfaceOrientationLandscapeLeft UIInterfaceOrientationLandscapeRight";
				IPHONEOS_DEPLOYMENT_TARGET = 16.4;
				LD_RUNPATH_SEARCH_PATHS = "@executable_path/Frameworks";
				"LD_RUNPATH_SEARCH_PATHS[sdk=macosx*]" = "@executable_path/../Frameworks";
				MACOSX_DEPLOYMENT_TARGET = 13.3;
				MARKETING_VERSION = 1.0;
				PRODUCT_BUNDLE_IDENTIFIER = chacha.WhyFine;
				PRODUCT_NAME = "$(TARGET_NAME)";
				SDKROOT = auto;
				SUPPORTED_PLATFORMS = "iphoneos iphonesimulator macosx";
				SWIFT_EMIT_LOC_STRINGS = YES;
				SWIFT_VERSION = 5.0;
				TARGETED_DEVICE_FAMILY = "1,2";
			};
			name = Release;
		};
/* End XCBuildConfiguration section */

/* Begin XCConfigurationList section */
		934A3FE32AA1D0B700908D4D /* Build configuration list for PBXProject "WhyFine" */ = {
			isa = XCConfigurationList;
			buildConfigurations = (
				934A3FF52AA1D0B700908D4D /* Debug */,
				934A3FF62AA1D0B700908D4D /* Release */,
			);
			defaultConfigurationIsVisible = 0;
			defaultConfigurationName = Release;
		};
		934A3FF72AA1D0B700908D4D /* Build configuration list for PBXNativeTarget "WhyFine" */ = {
			isa = XCConfigurationList;
			buildConfigurations = (
				934A3FF82AA1D0B700908D4D /* Debug */,
				934A3FF92AA1D0B700908D4D /* Release */,
			);
			defaultConfigurationIsVisible = 0;
			defaultConfigurationName = Release;
		};
/* End XCConfigurationList section */

/* Begin XCVersionGroup section */
		D9F9A3212AA1F2BD00466A5B /* QuestionModel.xcdatamodeld */ = {
			isa = XCVersionGroup;
			children = (
				D9F9A3222AA1F2BD00466A5B /* QuestionModel.xcdatamodel */,
			);
			currentVersion = D9F9A3222AA1F2BD00466A5B /* QuestionModel.xcdatamodel */;
			path = QuestionModel.xcdatamodeld;
			sourceTree = "<group>";
			versionGroupType = wrapper.xcdatamodel;
		};
/* End XCVersionGroup section */
	};
	rootObject = 934A3FE02AA1D0B700908D4D /* Project object */;
}
